
Microsoft Visual Studio Solution File, Format Version 12.00
# Visual Studio Version 16
VisualStudioVersion = 16.0.30503.244
MinimumVisualStudioVersion = 10.0.40219.1
Project("{8BC9CEB8-8B4A-11D0-8D11-00A0C91BC942}") = "geometry", "geometry\geometry.vcxproj", "{8D74731D-5486-4233-A13F-79B453669F9D}"
EndProject
Project("{8BC9CEB8-8B4A-11D0-8D11-00A0C91BC942}") = "Test", "Test\Test.vcxproj", "{DA251821-32FC-4ED3-833A-69AEAFB6EC35}"
EndProject
Project("{2150E333-8FDC-42A3-9474-1A3956D46DE8}") = "UTs", "UTs", "{EEA80F80-CD43-45A5-A0B0-86AF128907AB}"
EndProject
Project("{8BC9CEB8-8B4A-11D0-8D11-00A0C91BC942}") = "database", "database\database.vcxproj", "{96600112-956B-4DDB-BEA0-CECF9EEBF7E7}"
EndProject
Project("{8BC9CEB8-8B4A-11D0-8D11-00A0C91BC942}") = "common", "common\common.vcxitems", "{D874D244-0064-4355-B1B1-F390F013B792}"
EndProject
Project("{8BC9CEB8-8B4A-11D0-8D11-00A0C91BC942}") = "core", "core\core.vcxproj", "{7BC75F6E-BAA7-4913-919F-CFD031368DCB}"
EndProject
Project("{2150E333-8FDC-42A3-9474-1A3956D46DE8}") = "Loaders", "Loaders", "{33FA2882-01BB-447D-86C1-60ED1ECD8129}"
EndProject
Project("{8BC9CEB8-8B4A-11D0-8D11-00A0C91BC942}") = "dxf", "loaders\dxf\dxf.vcxproj", "{307EEB2F-7356-4490-9DD4-9AD5813F5750}"
EndProject
Project("{2150E333-8FDC-42A3-9474-1A3956D46DE8}") = "misc", "misc", "{116CCC58-40F5-4BBF-830D-4FD127B56EE6}"
EndProject
Project("{8BC9CEB8-8B4A-11D0-8D11-00A0C91BC942}") = "blender2dtest", "misc\blender2dtest\blender2dtest.vcxproj", "{F8CB1007-F23F-4D75-8115-D55BCB7299B1}"
EndProject
Project("{8BC9CEB8-8B4A-11D0-8D11-00A0C91BC942}") = "spdlog_test", "misc\spdlog_test\spdlog_test.vcxproj", "{DF0A7A2E-69C2-4216-9522-69424E456772}"
EndProject
Project("{8BC9CEB8-8B4A-11D0-8D11-00A0C91BC942}") = "shmem_test", "misc\shmem_test\shmem_test.vcxproj", "{EE64BD3D-4B3B-4373-8282-ADFD150387BF}"
EndProject
Project("{8BC9CEB8-8B4A-11D0-8D11-00A0C91BC942}") = "smartdrc", "smartdrc\smartdrc.vcxproj", "{25D8DE36-7A73-441C-BEBC-68A2EE0DB3BB}"
EndProject
Project("{8BC9CEB8-8B4A-11D0-8D11-00A0C91BC942}") = "geom_reader", "misc\geom_reader\geom_reader.vcxproj", "{949EA8A2-2EEC-4663-9530-25305736505F}"
EndProject
Project("{8BC9CEB8-8B4A-11D0-8D11-00A0C91BC942}") = "MFC UI", "misc\MFCApplication1\MFCApplication1.vcxproj", "{F917A36B-9162-484E-831D-B003A6B91F08}"
EndProject
Project("{8BC9CEB8-8B4A-11D0-8D11-00A0C91BC942}") = "dbtest", "misc\dbtest\dbtest.vcxproj", "{A904874E-43CC-4FCB-ADFF-948FD6DEDF2D}"
EndProject
Project("{888888A0-9F3D-457C-B088-3A5042F75D52}") = "test_db_debug", "test\test_db\test_db_debug.pyproj", "{2898A8F7-C314-437A-BCF7-C07C90D92082}"
EndProject
Project("{8BC9CEB8-8B4A-11D0-8D11-00A0C91BC942}") = "test_db", "Test\test_db\test_db.vcxproj", "{0AB6A422-7039-4D8E-AAD6-3C3743D2DB04}"
EndProject
Global
	GlobalSection(SolutionConfigurationPlatforms) = preSolution
		Debug|Any CPU = Debug|Any CPU
		Debug|x64 = Debug|x64
		Debug|x86 = Debug|x86
		Release|Any CPU = Release|Any CPU
		Release|x64 = Release|x64
		Release|x86 = Release|x86
	EndGlobalSection
	GlobalSection(ProjectConfigurationPlatforms) = postSolution
		{8D74731D-5486-4233-A13F-79B453669F9D}.Debug|Any CPU.ActiveCfg = Debug|Win32
		{8D74731D-5486-4233-A13F-79B453669F9D}.Debug|x64.ActiveCfg = Debug|x64
		{8D74731D-5486-4233-A13F-79B453669F9D}.Debug|x64.Build.0 = Debug|x64
		{8D74731D-5486-4233-A13F-79B453669F9D}.Debug|x86.ActiveCfg = Debug|Win32
		{8D74731D-5486-4233-A13F-79B453669F9D}.Debug|x86.Build.0 = Debug|Win32
		{8D74731D-5486-4233-A13F-79B453669F9D}.Release|Any CPU.ActiveCfg = Release|Win32
		{8D74731D-5486-4233-A13F-79B453669F9D}.Release|x64.ActiveCfg = Release|x64
		{8D74731D-5486-4233-A13F-79B453669F9D}.Release|x64.Build.0 = Release|x64
		{8D74731D-5486-4233-A13F-79B453669F9D}.Release|x86.ActiveCfg = Release|Win32
		{8D74731D-5486-4233-A13F-79B453669F9D}.Release|x86.Build.0 = Release|Win32
		{DA251821-32FC-4ED3-833A-69AEAFB6EC35}.Debug|Any CPU.ActiveCfg = Debug|Win32
		{DA251821-32FC-4ED3-833A-69AEAFB6EC35}.Debug|x64.ActiveCfg = Debug|x64
		{DA251821-32FC-4ED3-833A-69AEAFB6EC35}.Debug|x64.Build.0 = Debug|x64
		{DA251821-32FC-4ED3-833A-69AEAFB6EC35}.Debug|x86.ActiveCfg = Debug|Win32
		{DA251821-32FC-4ED3-833A-69AEAFB6EC35}.Debug|x86.Build.0 = Debug|Win32
		{DA251821-32FC-4ED3-833A-69AEAFB6EC35}.Release|Any CPU.ActiveCfg = Release|Win32
		{DA251821-32FC-4ED3-833A-69AEAFB6EC35}.Release|x64.ActiveCfg = Release|x64
		{DA251821-32FC-4ED3-833A-69AEAFB6EC35}.Release|x64.Build.0 = Release|x64
		{DA251821-32FC-4ED3-833A-69AEAFB6EC35}.Release|x86.ActiveCfg = Release|Win32
		{DA251821-32FC-4ED3-833A-69AEAFB6EC35}.Release|x86.Build.0 = Release|Win32
		{96600112-956B-4DDB-BEA0-CECF9EEBF7E7}.Debug|Any CPU.ActiveCfg = Debug|Win32
		{96600112-956B-4DDB-BEA0-CECF9EEBF7E7}.Debug|x64.ActiveCfg = Debug|x64
		{96600112-956B-4DDB-BEA0-CECF9EEBF7E7}.Debug|x64.Build.0 = Debug|x64
		{96600112-956B-4DDB-BEA0-CECF9EEBF7E7}.Debug|x86.ActiveCfg = Debug|Win32
		{96600112-956B-4DDB-BEA0-CECF9EEBF7E7}.Debug|x86.Build.0 = Debug|Win32
		{96600112-956B-4DDB-BEA0-CECF9EEBF7E7}.Release|Any CPU.ActiveCfg = Release|Win32
		{96600112-956B-4DDB-BEA0-CECF9EEBF7E7}.Release|x64.ActiveCfg = Release|x64
		{96600112-956B-4DDB-BEA0-CECF9EEBF7E7}.Release|x64.Build.0 = Release|x64
		{96600112-956B-4DDB-BEA0-CECF9EEBF7E7}.Release|x86.ActiveCfg = Release|Win32
		{96600112-956B-4DDB-BEA0-CECF9EEBF7E7}.Release|x86.Build.0 = Release|Win32
		{7BC75F6E-BAA7-4913-919F-CFD031368DCB}.Debug|Any CPU.ActiveCfg = Debug|Win32
		{7BC75F6E-BAA7-4913-919F-CFD031368DCB}.Debug|x64.ActiveCfg = Debug|x64
		{7BC75F6E-BAA7-4913-919F-CFD031368DCB}.Debug|x64.Build.0 = Debug|x64
		{7BC75F6E-BAA7-4913-919F-CFD031368DCB}.Debug|x86.ActiveCfg = Debug|Win32
		{7BC75F6E-BAA7-4913-919F-CFD031368DCB}.Debug|x86.Build.0 = Debug|Win32
		{7BC75F6E-BAA7-4913-919F-CFD031368DCB}.Release|Any CPU.ActiveCfg = Release|Win32
		{7BC75F6E-BAA7-4913-919F-CFD031368DCB}.Release|x64.ActiveCfg = Release|x64
		{7BC75F6E-BAA7-4913-919F-CFD031368DCB}.Release|x64.Build.0 = Release|x64
		{7BC75F6E-BAA7-4913-919F-CFD031368DCB}.Release|x86.ActiveCfg = Release|Win32
		{7BC75F6E-BAA7-4913-919F-CFD031368DCB}.Release|x86.Build.0 = Release|Win32
		{307EEB2F-7356-4490-9DD4-9AD5813F5750}.Debug|Any CPU.ActiveCfg = Debug|Win32
		{307EEB2F-7356-4490-9DD4-9AD5813F5750}.Debug|x64.ActiveCfg = Debug|x64
		{307EEB2F-7356-4490-9DD4-9AD5813F5750}.Debug|x64.Build.0 = Debug|x64
		{307EEB2F-7356-4490-9DD4-9AD5813F5750}.Debug|x86.ActiveCfg = Debug|Win32
		{307EEB2F-7356-4490-9DD4-9AD5813F5750}.Debug|x86.Build.0 = Debug|Win32
		{307EEB2F-7356-4490-9DD4-9AD5813F5750}.Release|Any CPU.ActiveCfg = Release|Win32
		{307EEB2F-7356-4490-9DD4-9AD5813F5750}.Release|x64.ActiveCfg = Release|x64
		{307EEB2F-7356-4490-9DD4-9AD5813F5750}.Release|x64.Build.0 = Release|x64
		{307EEB2F-7356-4490-9DD4-9AD5813F5750}.Release|x86.ActiveCfg = Release|Win32
		{307EEB2F-7356-4490-9DD4-9AD5813F5750}.Release|x86.Build.0 = Release|Win32
		{F8CB1007-F23F-4D75-8115-D55BCB7299B1}.Debug|Any CPU.ActiveCfg = Debug|Win32
		{F8CB1007-F23F-4D75-8115-D55BCB7299B1}.Debug|x64.ActiveCfg = Debug|x64
		{F8CB1007-F23F-4D75-8115-D55BCB7299B1}.Debug|x64.Build.0 = Debug|x64
		{F8CB1007-F23F-4D75-8115-D55BCB7299B1}.Debug|x86.ActiveCfg = Debug|Win32
		{F8CB1007-F23F-4D75-8115-D55BCB7299B1}.Debug|x86.Build.0 = Debug|Win32
		{F8CB1007-F23F-4D75-8115-D55BCB7299B1}.Release|Any CPU.ActiveCfg = Release|Win32
		{F8CB1007-F23F-4D75-8115-D55BCB7299B1}.Release|x64.ActiveCfg = Release|x64
		{F8CB1007-F23F-4D75-8115-D55BCB7299B1}.Release|x64.Build.0 = Release|x64
		{F8CB1007-F23F-4D75-8115-D55BCB7299B1}.Release|x86.ActiveCfg = Release|Win32
		{F8CB1007-F23F-4D75-8115-D55BCB7299B1}.Release|x86.Build.0 = Release|Win32
		{DF0A7A2E-69C2-4216-9522-69424E456772}.Debug|Any CPU.ActiveCfg = Debug|Win32
		{DF0A7A2E-69C2-4216-9522-69424E456772}.Debug|x64.ActiveCfg = Debug|x64
		{DF0A7A2E-69C2-4216-9522-69424E456772}.Debug|x64.Build.0 = Debug|x64
		{DF0A7A2E-69C2-4216-9522-69424E456772}.Debug|x86.ActiveCfg = Debug|Win32
		{DF0A7A2E-69C2-4216-9522-69424E456772}.Debug|x86.Build.0 = Debug|Win32
		{DF0A7A2E-69C2-4216-9522-69424E456772}.Release|Any CPU.ActiveCfg = Release|Win32
		{DF0A7A2E-69C2-4216-9522-69424E456772}.Release|x64.ActiveCfg = Release|x64
		{DF0A7A2E-69C2-4216-9522-69424E456772}.Release|x64.Build.0 = Release|x64
		{DF0A7A2E-69C2-4216-9522-69424E456772}.Release|x86.ActiveCfg = Release|Win32
		{DF0A7A2E-69C2-4216-9522-69424E456772}.Release|x86.Build.0 = Release|Win32
		{EE64BD3D-4B3B-4373-8282-ADFD150387BF}.Debug|Any CPU.ActiveCfg = Debug|Win32
		{EE64BD3D-4B3B-4373-8282-ADFD150387BF}.Debug|x64.ActiveCfg = Debug|x64
		{EE64BD3D-4B3B-4373-8282-ADFD150387BF}.Debug|x64.Build.0 = Debug|x64
		{EE64BD3D-4B3B-4373-8282-ADFD150387BF}.Debug|x86.ActiveCfg = Debug|Win32
		{EE64BD3D-4B3B-4373-8282-ADFD150387BF}.Debug|x86.Build.0 = Debug|Win32
		{EE64BD3D-4B3B-4373-8282-ADFD150387BF}.Release|Any CPU.ActiveCfg = Release|Win32
		{EE64BD3D-4B3B-4373-8282-ADFD150387BF}.Release|x64.ActiveCfg = Release|x64
		{EE64BD3D-4B3B-4373-8282-ADFD150387BF}.Release|x64.Build.0 = Release|x64
		{EE64BD3D-4B3B-4373-8282-ADFD150387BF}.Release|x86.ActiveCfg = Release|Win32
		{EE64BD3D-4B3B-4373-8282-ADFD150387BF}.Release|x86.Build.0 = Release|Win32
		{25D8DE36-7A73-441C-BEBC-68A2EE0DB3BB}.Debug|Any CPU.ActiveCfg = Debug|Win32
		{25D8DE36-7A73-441C-BEBC-68A2EE0DB3BB}.Debug|x64.ActiveCfg = Debug|x64
		{25D8DE36-7A73-441C-BEBC-68A2EE0DB3BB}.Debug|x64.Build.0 = Debug|x64
		{25D8DE36-7A73-441C-BEBC-68A2EE0DB3BB}.Debug|x86.ActiveCfg = Debug|Win32
		{25D8DE36-7A73-441C-BEBC-68A2EE0DB3BB}.Debug|x86.Build.0 = Debug|Win32
		{25D8DE36-7A73-441C-BEBC-68A2EE0DB3BB}.Release|Any CPU.ActiveCfg = Release|Win32
		{25D8DE36-7A73-441C-BEBC-68A2EE0DB3BB}.Release|x64.ActiveCfg = Release|x64
		{25D8DE36-7A73-441C-BEBC-68A2EE0DB3BB}.Release|x64.Build.0 = Release|x64
		{25D8DE36-7A73-441C-BEBC-68A2EE0DB3BB}.Release|x86.ActiveCfg = Release|Win32
		{25D8DE36-7A73-441C-BEBC-68A2EE0DB3BB}.Release|x86.Build.0 = Release|Win32
		{949EA8A2-2EEC-4663-9530-25305736505F}.Debug|Any CPU.ActiveCfg = Debug|Win32
		{949EA8A2-2EEC-4663-9530-25305736505F}.Debug|x64.ActiveCfg = Debug|x64
		{949EA8A2-2EEC-4663-9530-25305736505F}.Debug|x64.Build.0 = Debug|x64
		{949EA8A2-2EEC-4663-9530-25305736505F}.Debug|x86.ActiveCfg = Debug|Win32
		{949EA8A2-2EEC-4663-9530-25305736505F}.Debug|x86.Build.0 = Debug|Win32
		{949EA8A2-2EEC-4663-9530-25305736505F}.Release|Any CPU.ActiveCfg = Release|Win32
		{949EA8A2-2EEC-4663-9530-25305736505F}.Release|x64.ActiveCfg = Release|x64
		{949EA8A2-2EEC-4663-9530-25305736505F}.Release|x64.Build.0 = Release|x64
		{949EA8A2-2EEC-4663-9530-25305736505F}.Release|x86.ActiveCfg = Release|Win32
		{949EA8A2-2EEC-4663-9530-25305736505F}.Release|x86.Build.0 = Release|Win32
		{F917A36B-9162-484E-831D-B003A6B91F08}.Debug|Any CPU.ActiveCfg = Debug|Win32
		{F917A36B-9162-484E-831D-B003A6B91F08}.Debug|x64.ActiveCfg = Debug|x64
		{F917A36B-9162-484E-831D-B003A6B91F08}.Debug|x64.Build.0 = Debug|x64
		{F917A36B-9162-484E-831D-B003A6B91F08}.Debug|x86.ActiveCfg = Debug|Win32
		{F917A36B-9162-484E-831D-B003A6B91F08}.Debug|x86.Build.0 = Debug|Win32
		{F917A36B-9162-484E-831D-B003A6B91F08}.Release|Any CPU.ActiveCfg = Release|Win32
		{F917A36B-9162-484E-831D-B003A6B91F08}.Release|x64.ActiveCfg = Release|x64
		{F917A36B-9162-484E-831D-B003A6B91F08}.Release|x64.Build.0 = Release|x64
		{F917A36B-9162-484E-831D-B003A6B91F08}.Release|x86.ActiveCfg = Release|Win32
		{F917A36B-9162-484E-831D-B003A6B91F08}.Release|x86.Build.0 = Release|Win32
		{A904874E-43CC-4FCB-ADFF-948FD6DEDF2D}.Debug|Any CPU.ActiveCfg = Debug|Win32
		{A904874E-43CC-4FCB-ADFF-948FD6DEDF2D}.Debug|x64.ActiveCfg = Debug|x64
		{A904874E-43CC-4FCB-ADFF-948FD6DEDF2D}.Debug|x64.Build.0 = Debug|x64
		{A904874E-43CC-4FCB-ADFF-948FD6DEDF2D}.Debug|x86.ActiveCfg = Debug|Win32
		{A904874E-43CC-4FCB-ADFF-948FD6DEDF2D}.Debug|x86.Build.0 = Debug|Win32
		{A904874E-43CC-4FCB-ADFF-948FD6DEDF2D}.Release|Any CPU.ActiveCfg = Release|Win32
		{A904874E-43CC-4FCB-ADFF-948FD6DEDF2D}.Release|x64.ActiveCfg = Release|x64
		{A904874E-43CC-4FCB-ADFF-948FD6DEDF2D}.Release|x64.Build.0 = Release|x64
		{A904874E-43CC-4FCB-ADFF-948FD6DEDF2D}.Release|x86.ActiveCfg = Release|Win32
		{A904874E-43CC-4FCB-ADFF-948FD6DEDF2D}.Release|x86.Build.0 = Release|Win32
		{2898A8F7-C314-437A-BCF7-C07C90D92082}.Debug|Any CPU.ActiveCfg = Debug|Any CPU
		{2898A8F7-C314-437A-BCF7-C07C90D92082}.Debug|x64.ActiveCfg = Debug|Any CPU
		{2898A8F7-C314-437A-BCF7-C07C90D92082}.Debug|x86.ActiveCfg = Debug|Any CPU
		{2898A8F7-C314-437A-BCF7-C07C90D92082}.Release|Any CPU.ActiveCfg = Release|Any CPU
		{2898A8F7-C314-437A-BCF7-C07C90D92082}.Release|x64.ActiveCfg = Release|Any CPU
		{2898A8F7-C314-437A-BCF7-C07C90D92082}.Release|x86.ActiveCfg = Release|Any CPU
		{0AB6A422-7039-4D8E-AAD6-3C3743D2DB04}.Debug|Any CPU.ActiveCfg = Debug|Win32
		{0AB6A422-7039-4D8E-AAD6-3C3743D2DB04}.Debug|x64.ActiveCfg = Debug|x64
		{0AB6A422-7039-4D8E-AAD6-3C3743D2DB04}.Debug|x64.Build.0 = Debug|x64
		{0AB6A422-7039-4D8E-AAD6-3C3743D2DB04}.Debug|x86.ActiveCfg = Debug|Win32
		{0AB6A422-7039-4D8E-AAD6-3C3743D2DB04}.Debug|x86.Build.0 = Debug|Win32
		{0AB6A422-7039-4D8E-AAD6-3C3743D2DB04}.Release|Any CPU.ActiveCfg = Release|Win32
		{0AB6A422-7039-4D8E-AAD6-3C3743D2DB04}.Release|x64.ActiveCfg = Release|x64
		{0AB6A422-7039-4D8E-AAD6-3C3743D2DB04}.Release|x64.Build.0 = Release|x64
		{0AB6A422-7039-4D8E-AAD6-3C3743D2DB04}.Release|x86.ActiveCfg = Release|Win32
		{0AB6A422-7039-4D8E-AAD6-3C3743D2DB04}.Release|x86.Build.0 = Release|Win32
	EndGlobalSection
	GlobalSection(SolutionProperties) = preSolution
		HideSolutionNode = FALSE
	EndGlobalSection
	GlobalSection(NestedProjects) = preSolution
		{DA251821-32FC-4ED3-833A-69AEAFB6EC35} = {EEA80F80-CD43-45A5-A0B0-86AF128907AB}
		{307EEB2F-7356-4490-9DD4-9AD5813F5750} = {33FA2882-01BB-447D-86C1-60ED1ECD8129}
		{F8CB1007-F23F-4D75-8115-D55BCB7299B1} = {116CCC58-40F5-4BBF-830D-4FD127B56EE6}
		{DF0A7A2E-69C2-4216-9522-69424E456772} = {116CCC58-40F5-4BBF-830D-4FD127B56EE6}
		{EE64BD3D-4B3B-4373-8282-ADFD150387BF} = {116CCC58-40F5-4BBF-830D-4FD127B56EE6}
		{949EA8A2-2EEC-4663-9530-25305736505F} = {116CCC58-40F5-4BBF-830D-4FD127B56EE6}
		{F917A36B-9162-484E-831D-B003A6B91F08} = {116CCC58-40F5-4BBF-830D-4FD127B56EE6}
		{A904874E-43CC-4FCB-ADFF-948FD6DEDF2D} = {116CCC58-40F5-4BBF-830D-4FD127B56EE6}
		{2898A8F7-C314-437A-BCF7-C07C90D92082} = {EEA80F80-CD43-45A5-A0B0-86AF128907AB}
		{0AB6A422-7039-4D8E-AAD6-3C3743D2DB04} = {EEA80F80-CD43-45A5-A0B0-86AF128907AB}
	EndGlobalSection
	GlobalSection(ExtensibilityGlobals) = postSolution
		SolutionGuid = {4BFC32C2-10C7-4DE3-85D9-45AA25125EF7}
	EndGlobalSection
EndGlobal
