<?xml version="1.0" encoding="utf-8"?>
<Project ToolsVersion="4.0" xmlns="http://schemas.microsoft.com/developer/msbuild/2003">
  <ItemGroup>
    <ClCompile Include="test_db\database_traits.cpp">
      <Filter>Source Files</Filter>
    </ClCompile>
    <ClCompile Include="test_db_many2many.cpp">
      <Filter>Source Files</Filter>
    </ClCompile>
    <ClCompile Include="test_db_objects.cpp">
      <Filter>Source Files</Filter>
    </ClCompile>
    <ClCompile Include="test_db_one2one.cpp">
      <Filter>Source Files</Filter>
    </ClCompile>
    <ClCompile Include="test_db_properties.cpp">
      <Filter>Source Files</Filter>
    </ClCompile>
    <ClCompile Include="test_db_one2many.cpp">
      <Filter>Source Files</Filter>
    </ClCompile>
    <ClCompile Include="pch.cpp">
      <Filter>Source Files</Filter>
    </ClCompile>
    <ClCompile Include="test.cpp">
      <Filter>Source Files</Filter>
    </ClCompile>
    <ClCompile Include="test_db_string.cpp">
      <Filter>Source Files</Filter>
    </ClCompile>
  </ItemGroup>
  <ItemGroup>
    <ClInclude Include="test_db.h">
      <Filter>Header Files</Filter>
    </ClInclude>
    <ClInclude Include="pch.h">
      <Filter>Header Files</Filter>
    </ClInclude>
  </ItemGroup>
  <ItemGroup>
    <None Include="packages.config" />
  </ItemGroup>
  <ItemGroup>
    <Filter Include="Source Files">
      <UniqueIdentifier>{1f793be5-9224-4d83-911b-1372dd722bbc}</UniqueIdentifier>
    </Filter>
    <Filter Include="Header Files">
      <UniqueIdentifier>{cd0b0aaf-cf65-40e0-b800-e674ad5e9ebd}</UniqueIdentifier>
    </Filter>
  </ItemGroup>
</Project>