<?xml version="1.0" encoding="utf-8"?>
<Project ToolsVersion="4.0" xmlns="http://schemas.microsoft.com/developer/msbuild/2003">
  <ItemGroup>
    <ClInclude Include="$(MSBuildThisFileDirectory)..\include\assert_mgr.h" />
    <ClInclude Include="$(MSBuildThisFileDirectory)..\include\gdi_utils.h" />
    <ClInclude Include="$(MSBuildThisFileDirectory)..\include\geom_model.h" />
    <ClInclude Include="$(MSBuildThisFileDirectory)..\include\geom_reader_base.h" />
    <ClInclude Include="$(MSBuildThisFileDirectory)..\include\interface.h" />
    <ClInclude Include="$(MSBuildThisFileDirectory)..\include\options_imp.h" />
    <ClInclude Include="$(MSBuildThisFileDirectory)..\include\pcb_loader.h" />
    <ClInclude Include="$(MSBuildThisFileDirectory)..\include\pcb_loader_callback.h" />
    <ClInclude Include="$(MSBuildThisFileDirectory)..\include\screen_coord_converter.h" />
    <ClInclude Include="$(MSBuildThisFileDirectory)..\include\logger.h" />
    <ClInclude Include="$(MSBuildThisFileDirectory)..\include\options.h" />
    <ClInclude Include="$(MSBuildThisFileDirectory)..\include\shared_memory.h" />
    <ClInclude Include="$(MSBuildThisFileDirectory)..\include\smartdrc.h" />
    <ClInclude Include="$(MSBuildThisFileDirectory)..\include\symbol_export.h" />
    <ClInclude Include="$(MSBuildThisFileDirectory)..\include\gtest_ns.h" />
  </ItemGroup>
  <ItemGroup>
    <None Include="$(MSBuildThisFileDirectory)..\doc\todo\smartdrc.tdl" />
    <None Include="$(MSBuildThisFileDirectory)..\database\dbgen\attic.py">
      <Filter>dbgen</Filter>
    </None>
    <None Include="$(MSBuildThisFileDirectory)..\database\dbgen\pcb.py">
      <Filter>dbgen</Filter>
    </None>
  </ItemGroup>
  <ItemGroup>
    <Filter Include="dbgen">
      <UniqueIdentifier>{ed80d2b9-e5d1-4692-a7b2-c76be9b66449}</UniqueIdentifier>
    </Filter>
  </ItemGroup>
</Project>